
Microsoft Visual Studio Solution File, Format Version 12.00
# Visual Studio Version 17
VisualStudioVersion = 17.4.33205.214
MinimumVisualStudioVersion = 10.0.40219.1
Project("{FAE04EC0-301F-11D3-BF4B-00C04F79EFBC}") = "GameLauncher", "GameLauncher\GameLauncher.csproj", "{A7FCAB66-0DD0-4F8A-88CA-A9173E42DCBE}"
EndProject
Global
	GlobalSection(SolutionConfigurationPlatforms) = preSolution
		Debug|Any CPU = Debug|Any CPU
		Release|Any CPU = Release|Any CPU
	EndGlobalSection
	GlobalSection(ProjectConfigurationPlatforms) = postSolution
		{A7FCAB66-0DD0-4F8A-88CA-A9173E42DCBE}.Debug|Any CPU.ActiveCfg = Debug|Any CPU
		{A7FCAB66-0DD0-4F8A-88CA-A9173E42DCBE}.Debug|Any CPU.Build.0 = Debug|Any CPU
		{A7FCAB66-0DD0-4F8A-88CA-A9173E42DCBE}.Release|Any CPU.ActiveCfg = Release|Any CPU
		{A7FCAB66-0DD0-4F8A-88CA-A9173E42DCBE}.Release|Any CPU.Build.0 = Release|Any CPU
	EndGlobalSection
	GlobalSection(SolutionProperties) = preSolution
		HideSolutionNode = FALSE
	EndGlobalSection
	GlobalSection(ExtensibilityGlobals) = postSolution
		SolutionGuid = {A6B849BD-6D8C-4D4C-9952-D323B4047EB6}
	EndGlobalSection
EndGlobal
